// !$*UTF8*$!
{
	archiveVersion = 1;
	classes = {
	};
	objectVersion = 46;
	objects = {

/* Begin PBXBuildFile section */
		1D82A4EF1BA3701E00D8E88D /* main.cpp in Sources */ = {isa = PBXBuildFile; fileRef = 1D82A4EE1BA3701E00D8E88D /* main.cpp */; };
		1D82A4FC1BA3703900D8E88D /* VSOPTests.mm in Sources */ = {isa = PBXBuildFile; fileRef = 1D82A4FB1BA3703900D8E88D /* VSOPTests.mm */; };
/* End PBXBuildFile section */

/* Begin PBXCopyFilesBuildPhase section */
		1D82A4E91BA3701E00D8E88D /* CopyFiles */ = {
			isa = PBXCopyFilesBuildPhase;
			buildActionMask = 2147483647;
			dstPath = /usr/share/man/man1/;
			dstSubfolderSpec = 0;
			files = (
			);
			runOnlyForDeploymentPostprocessing = 1;
		};
/* End PBXCopyFilesBuildPhase section */

/* Begin PBXFileReference section */
		1D82A4EB1BA3701E00D8E88D /* VSOP */ = {isa = PBXFileReference; explicitFileType = "compiled.mach-o.executable"; includeInIndex = 0; path = VSOP; sourceTree = BUILT_PRODUCTS_DIR; };
		1D82A4EE1BA3701E00D8E88D /* main.cpp */ = {isa = PBXFileReference; lastKnownFileType = sourcecode.cpp.cpp; path = main.cpp; sourceTree = "<group>"; };
		1D82A4F91BA3703900D8E88D /* VSOPTests.xctest */ = {isa = PBXFileReference; explicitFileType = wrapper.cfbundle; includeInIndex = 0; path = VSOPTests.xctest; sourceTree = BUILT_PRODUCTS_DIR; };
		1D82A4FB1BA3703900D8E88D /* VSOPTests.mm */ = {isa = PBXFileReference; lastKnownFileType = sourcecode.cpp.objcpp; path = VSOPTests.mm; sourceTree = "<group>"; };
		1D82A4FD1BA3703900D8E88D /* Info.plist */ = {isa = PBXFileReference; lastKnownFileType = text.plist.xml; path = Info.plist; sourceTree = "<group>"; };
		1D82A5011BA3705200D8E88D /* VSOP.h */ = {isa = PBXFileReference; lastKnownFileType = sourcecode.c.h; path = VSOP.h; sourceTree = "<group>"; };
		1D82A5021BA3D8F600D8E88D /* Disposable.h */ = {isa = PBXFileReference; lastKnownFileType = sourcecode.c.h; path = Disposable.h; sourceTree = "<group>"; };
		1D82A5031BA3DF1E00D8E88D /* Observable.h */ = {isa = PBXFileReference; lastKnownFileType = sourcecode.c.h; path = Observable.h; sourceTree = "<group>"; };
/* End PBXFileReference section */

/* Begin PBXFrameworksBuildPhase section */
		1D82A4E81BA3701E00D8E88D /* Frameworks */ = {
			isa = PBXFrameworksBuildPhase;
			buildActionMask = 2147483647;
			files = (
			);
			runOnlyForDeploymentPostprocessing = 0;
		};
		1D82A4F61BA3703900D8E88D /* Frameworks */ = {
			isa = PBXFrameworksBuildPhase;
			buildActionMask = 2147483647;
			files = (
			);
			runOnlyForDeploymentPostprocessing = 0;
		};
/* End PBXFrameworksBuildPhase section */

/* Begin PBXGroup section */
		1D82A4E21BA3701D00D8E88D = {
			isa = PBXGroup;
			children = (
				1D82A4ED1BA3701E00D8E88D /* VSOP */,
				1D82A4FA1BA3703900D8E88D /* VSOPTests */,
				1D82A4EC1BA3701E00D8E88D /* Products */,
			);
			sourceTree = "<group>";
		};
		1D82A4EC1BA3701E00D8E88D /* Products */ = {
			isa = PBXGroup;
			children = (
				1D82A4EB1BA3701E00D8E88D /* VSOP */,
				1D82A4F91BA3703900D8E88D /* VSOPTests.xctest */,
			);
			name = Products;
			sourceTree = "<group>";
		};
		1D82A4ED1BA3701E00D8E88D /* VSOP */ = {
			isa = PBXGroup;
			children = (
				1D82A4EE1BA3701E00D8E88D /* main.cpp */,
				1D82A5011BA3705200D8E88D /* VSOP.h */,
				1D82A5021BA3D8F600D8E88D /* Disposable.h */,
				1D82A5031BA3DF1E00D8E88D /* Observable.h */,
			);
			path = VSOP;
			sourceTree = "<group>";
		};
		1D82A4FA1BA3703900D8E88D /* VSOPTests */ = {
			isa = PBXGroup;
			children = (
				1D82A4FB1BA3703900D8E88D /* VSOPTests.mm */,
				1D82A4FD1BA3703900D8E88D /* Info.plist */,
			);
			path = VSOPTests;
			sourceTree = "<group>";
		};
/* End PBXGroup section */

/* Begin PBXNativeTarget section */
		1D82A4EA1BA3701E00D8E88D /* VSOP */ = {
			isa = PBXNativeTarget;
			buildConfigurationList = 1D82A4F21BA3701E00D8E88D /* Build configuration list for PBXNativeTarget "VSOP" */;
			buildPhases = (
				1D82A4E71BA3701E00D8E88D /* Sources */,
				1D82A4E81BA3701E00D8E88D /* Frameworks */,
				1D82A4E91BA3701E00D8E88D /* CopyFiles */,
			);
			buildRules = (
			);
			dependencies = (
			);
			name = VSOP;
			productName = VSOP;
			productReference = 1D82A4EB1BA3701E00D8E88D /* VSOP */;
			productType = "com.apple.product-type.tool";
		};
		1D82A4F81BA3703900D8E88D /* VSOPTests */ = {
			isa = PBXNativeTarget;
			buildConfigurationList = 1D82A4FE1BA3703900D8E88D /* Build configuration list for PBXNativeTarget "VSOPTests" */;
			buildPhases = (
				1D82A4F51BA3703900D8E88D /* Sources */,
				1D82A4F61BA3703900D8E88D /* Frameworks */,
				1D82A4F71BA3703900D8E88D /* Resources */,
			);
			buildRules = (
			);
			dependencies = (
			);
			name = VSOPTests;
			productName = VSOPTests;
			productReference = 1D82A4F91BA3703900D8E88D /* VSOPTests.xctest */;
			productType = "com.apple.product-type.bundle.unit-test";
		};
/* End PBXNativeTarget section */

/* Begin PBXProject section */
		1D82A4E31BA3701E00D8E88D /* Project object */ = {
			isa = PBXProject;
			attributes = {
				LastUpgradeCheck = 0700;
				ORGANIZATIONNAME = "From Concentrate Software";
				TargetAttributes = {
					1D82A4EA1BA3701E00D8E88D = {
						CreatedOnToolsVersion = 7.0;
					};
					1D82A4F81BA3703900D8E88D = {
						CreatedOnToolsVersion = 7.0;
					};
				};
			};
			buildConfigurationList = 1D82A4E61BA3701E00D8E88D /* Build configuration list for PBXProject "VSOP" */;
			compatibilityVersion = "Xcode 3.2";
			developmentRegion = English;
			hasScannedForEncodings = 0;
			knownRegions = (
				en,
			);
			mainGroup = 1D82A4E21BA3701D00D8E88D;
			productRefGroup = 1D82A4EC1BA3701E00D8E88D /* Products */;
			projectDirPath = "";
			projectRoot = "";
			targets = (
				1D82A4EA1BA3701E00D8E88D /* VSOP */,
				1D82A4F81BA3703900D8E88D /* VSOPTests */,
			);
		};
/* End PBXProject section */

/* Begin PBXResourcesBuildPhase section */
		1D82A4F71BA3703900D8E88D /* Resources */ = {
			isa = PBXResourcesBuildPhase;
			buildActionMask = 2147483647;
			files = (
			);
			runOnlyForDeploymentPostprocessing = 0;
		};
/* End PBXResourcesBuildPhase section */

/* Begin PBXSourcesBuildPhase section */
		1D82A4E71BA3701E00D8E88D /* Sources */ = {
			isa = PBXSourcesBuildPhase;
			buildActionMask = 2147483647;
			files = (
				1D82A4EF1BA3701E00D8E88D /* main.cpp in Sources */,
			);
			runOnlyForDeploymentPostprocessing = 0;
		};
		1D82A4F51BA3703900D8E88D /* Sources */ = {
			isa = PBXSourcesBuildPhase;
			buildActionMask = 2147483647;
			files = (
				1D82A4FC1BA3703900D8E88D /* VSOPTests.mm in Sources */,
			);
			runOnlyForDeploymentPostprocessing = 0;
		};
/* End PBXSourcesBuildPhase section */

/* Begin XCBuildConfiguration section */
		1D82A4F01BA3701E00D8E88D /* Debug */ = {
			isa = XCBuildConfiguration;
			buildSettings = {
				ALWAYS_SEARCH_USER_PATHS = NO;
				CLANG_CXX_LANGUAGE_STANDARD = "gnu++0x";
				CLANG_CXX_LIBRARY = "libc++";
				CLANG_ENABLE_MODULES = YES;
				CLANG_ENABLE_OBJC_ARC = YES;
				CLANG_WARN_BOOL_CONVERSION = YES;
				CLANG_WARN_CONSTANT_CONVERSION = YES;
				CLANG_WARN_DIRECT_OBJC_ISA_USAGE = YES_ERROR;
				CLANG_WARN_EMPTY_BODY = YES;
				CLANG_WARN_ENUM_CONVERSION = YES;
				CLANG_WARN_INT_CONVERSION = YES;
				CLANG_WARN_OBJC_ROOT_CLASS = YES_ERROR;
				CLANG_WARN_UNREACHABLE_CODE = YES;
				CLANG_WARN__DUPLICATE_METHOD_MATCH = YES;
				COPY_PHASE_STRIP = NO;
				DEBUG_INFORMATION_FORMAT = dwarf;
				ENABLE_STRICT_OBJC_MSGSEND = YES;
				ENABLE_TESTABILITY = YES;
				GCC_C_LANGUAGE_STANDARD = gnu99;
				GCC_DYNAMIC_NO_PIC = NO;
				GCC_NO_COMMON_BLOCKS = YES;
				GCC_OPTIMIZATION_LEVEL = 0;
				GCC_PREPROCESSOR_DEFINITIONS = (
					"DEBUG=1",
					"$(inherited)",
				);
				GCC_WARN_64_TO_32_BIT_CONVERSION = YES;
				GCC_WARN_ABOUT_RETURN_TYPE = YES_ERROR;
				GCC_WARN_UNDECLARED_SELECTOR = YES;
				GCC_WARN_UNINITIALIZED_AUTOS = YES_AGGRESSIVE;
				GCC_WARN_UNUSED_FUNCTION = YES;
				GCC_WARN_UNUSED_VARIABLE = YES;
				MACOSX_DEPLOYMENT_TARGET = 10.10;
				MTL_ENABLE_DEBUG_INFO = YES;
				ONLY_ACTIVE_ARCH = YES;
				SDKROOT = macosx;
			};
			name = Debug;
		};
		1D82A4F11BA3701E00D8E88D /* Release */ = {
			isa = XCBuildConfiguration;
			buildSettings = {
				ALWAYS_SEARCH_USER_PATHS = NO;
				CLANG_CXX_LANGUAGE_STANDARD = "gnu++0x";
				CLANG_CXX_LIBRARY = "libc++";
				CLANG_ENABLE_MODULES = YES;
				CLANG_ENABLE_OBJC_ARC = YES;
				CLANG_WARN_BOOL_CONVERSION = YES;
				CLANG_WARN_CONSTANT_CONVERSION = YES;
				CLANG_WARN_DIRECT_OBJC_ISA_USAGE = YES_ERROR;
				CLANG_WARN_EMPTY_BODY = YES;
				CLANG_WARN_ENUM_CONVERSION = YES;
				CLANG_WARN_INT_CONVERSION = YES;
				CLANG_WARN_OBJC_ROOT_CLASS = YES_ERROR;
				CLANG_WARN_UNREACHABLE_CODE = YES;
				CLANG_WARN__DUPLICATE_METHOD_MATCH = YES;
				COPY_PHASE_STRIP = NO;
				DEBUG_INFORMATION_FORMAT = "dwarf-with-dsym";
				ENABLE_NS_ASSERTIONS = NO;
				ENABLE_STRICT_OBJC_MSGSEND = YES;
				GCC_C_LANGUAGE_STANDARD = gnu99;
				GCC_NO_COMMON_BLOCKS = YES;
				GCC_WARN_64_TO_32_BIT_CONVERSION = YES;
				GCC_WARN_ABOUT_RETURN_TYPE = YES_ERROR;
				GCC_WARN_UNDECLARED_SELECTOR = YES;
				GCC_WARN_UNINITIALIZED_AUTOS = YES_AGGRESSIVE;
				GCC_WARN_UNUSED_FUNCTION = YES;
				GCC_WARN_UNUSED_VARIABLE = YES;
				MACOSX_DEPLOYMENT_TARGET = 10.10;
				MTL_ENABLE_DEBUG_INFO = NO;
				SDKROOT = macosx;
			};
			name = Release;
		};
		1D82A4F31BA3701E00D8E88D /* Debug */ = {
			isa = XCBuildConfiguration;
			buildSettings = {
				PRODUCT_NAME = "$(TARGET_NAME)";
			};
			name = Debug;
		};
		1D82A4F41BA3701E00D8E88D /* Release */ = {
			isa = XCBuildConfiguration;
			buildSettings = {
				PRODUCT_NAME = "$(TARGET_NAME)";
			};
			name = Release;
		};
		1D82A4FF1BA3703900D8E88D /* Debug */ = {
			isa = XCBuildConfiguration;
			buildSettings = {
				COMBINE_HIDPI_IMAGES = YES;
				INFOPLIST_FILE = VSOPTests/Info.plist;
				LD_RUNPATH_SEARCH_PATHS = "$(inherited) @executable_path/../Frameworks @loader_path/../Frameworks";
				PRODUCT_BUNDLE_IDENTIFIER = com.fromconcentratesoftware.VSOPTests;
				PRODUCT_NAME = "$(TARGET_NAME)";
			};
			name = Debug;
		};
		1D82A5001BA3703900D8E88D /* Release */ = {
			isa = XCBuildConfiguration;
			buildSettings = {
				COMBINE_HIDPI_IMAGES = YES;
				INFOPLIST_FILE = VSOPTests/Info.plist;
				LD_RUNPATH_SEARCH_PATHS = "$(inherited) @executable_path/../Frameworks @loader_path/../Frameworks";
				PRODUCT_BUNDLE_IDENTIFIER = com.fromconcentratesoftware.VSOPTests;
				PRODUCT_NAME = "$(TARGET_NAME)";
			};
			name = Release;
		};
/* End XCBuildConfiguration section */

/* Begin XCConfigurationList section */
		1D82A4E61BA3701E00D8E88D /* Build configuration list for PBXProject "VSOP" */ = {
			isa = XCConfigurationList;
			buildConfigurations = (
				1D82A4F01BA3701E00D8E88D /* Debug */,
				1D82A4F11BA3701E00D8E88D /* Release */,
			);
			defaultConfigurationIsVisible = 0;
			defaultConfigurationName = Release;
		};
		1D82A4F21BA3701E00D8E88D /* Build configuration list for PBXNativeTarget "VSOP" */ = {
			isa = XCConfigurationList;
			buildConfigurations = (
				1D82A4F31BA3701E00D8E88D /* Debug */,
				1D82A4F41BA3701E00D8E88D /* Release */,
			);
			defaultConfigurationIsVisible = 0;
		};
		1D82A4FE1BA3703900D8E88D /* Build configuration list for PBXNativeTarget "VSOPTests" */ = {
			isa = XCConfigurationList;
			buildConfigurations = (
				1D82A4FF1BA3703900D8E88D /* Debug */,
				1D82A5001BA3703900D8E88D /* Release */,
			);
			defaultConfigurationIsVisible = 0;
		};
/* End XCConfigurationList section */
	};
	rootObject = 1D82A4E31BA3701E00D8E88D /* Project object */;
}
